{
  "name": "advent-of-code",
  "lockfileVersion": 2,
  "requires": true,
  "packages": {
    "": {
      "devDependencies": {
        "@types/node": "^18.11.10"
      }
    },
    "node_modules/@types/node": {
      "version": "18.11.10",
      "resolved": "https://pkgs.dev.azure.com/Calabrio/Platform/_packaging/platform-npm-libs/npm/registry/@types/node/-/node-18.11.10.tgz",
      "integrity": "sha1-TGR1nzwjQ7fmxLnK92HHo6Bc7jQ=",
      "dev": true,
      "license": "MIT"
    }
  },
  "dependencies": {
    "@types/node": {
      "version": "18.11.10",
      "resolved": "https://pkgs.dev.azure.com/Calabrio/Platform/_packaging/platform-npm-libs/npm/registry/@types/node/-/node-18.11.10.tgz",
      "integrity": "sha1-TGR1nzwjQ7fmxLnK92HHo6Bc7jQ=",
      "dev": true
    }
  }
}
